output/5_models/per_region/brms_total_subadult_high_promoters.RData
output/5_models/per_region/brms_total_subadult_high_exons.RData
output/5_models/per_region/brms_total_subadult_high_introns.RData
output/5_models/per_region/brms_total_subadult_gerp_promoters.RData
output/5_models/per_region/brms_total_subadult_gerp_exons.RData
output/5_models/per_region/brms_total_subadult_gerp_introns.RData
